
Microsoft Visual Studio Solution File, Format Version 12.00
# Visual Studio Version 16
VisualStudioVersion = 16.0.29411.108
MinimumVisualStudioVersion = 10.0.40219.1
Project("{FAE04EC0-301F-11D3-BF4B-00C04F79EFBC}") = "ReverseArray", "ReverseArray\ReverseArray.csproj", "{4576B9FB-3FB4-4EE6-8759-A7A23F9E23CE}"
EndProject
Project("{FAE04EC0-301F-11D3-BF4B-00C04F79EFBC}") = "NestedLoopsToRecursion", "NestedLoopsToRecursion\NestedLoopsToRecursion.csproj", "{7D6CD573-C474-4DF6-9B2C-A4C428F13874}"
EndProject
Global
	GlobalSection(SolutionConfigurationPlatforms) = preSolution
		Debug|Any CPU = Debug|Any CPU
		Release|Any CPU = Release|Any CPU
	EndGlobalSection
	GlobalSection(ProjectConfigurationPlatforms) = postSolution
		{4576B9FB-3FB4-4EE6-8759-A7A23F9E23CE}.Debug|Any CPU.ActiveCfg = Debug|Any CPU
		{4576B9FB-3FB4-4EE6-8759-A7A23F9E23CE}.Debug|Any CPU.Build.0 = Debug|Any CPU
		{4576B9FB-3FB4-4EE6-8759-A7A23F9E23CE}.Release|Any CPU.ActiveCfg = Release|Any CPU
		{4576B9FB-3FB4-4EE6-8759-A7A23F9E23CE}.Release|Any CPU.Build.0 = Release|Any CPU
		{7D6CD573-C474-4DF6-9B2C-A4C428F13874}.Debug|Any CPU.ActiveCfg = Debug|Any CPU
		{7D6CD573-C474-4DF6-9B2C-A4C428F13874}.Debug|Any CPU.Build.0 = Debug|Any CPU
		{7D6CD573-C474-4DF6-9B2C-A4C428F13874}.Release|Any CPU.ActiveCfg = Release|Any CPU
		{7D6CD573-C474-4DF6-9B2C-A4C428F13874}.Release|Any CPU.Build.0 = Release|Any CPU
	EndGlobalSection
	GlobalSection(SolutionProperties) = preSolution
		HideSolutionNode = FALSE
	EndGlobalSection
	GlobalSection(ExtensibilityGlobals) = postSolution
		SolutionGuid = {55FF360F-4E63-4580-9143-A55879DE6DEC}
	EndGlobalSection
EndGlobal
